# Exact replication environment (Python 3.13.5): pip freeze of the venv the
# manuscript's tables and figures were verified byte-identical under.
# Install: bash setup.sh
#
# Direct dependencies (everything else is transitive):
#   pandas, numpy, pyfixest, matplotlib, openpyxl, pyreadstat
asttokens==3.0.1
babel==2.18.0
commonmark==0.9.2
contourpy==1.3.3
cycler==0.12.1
decorator==5.3.1
et_xmlfile==2.0.0
executing==2.2.1
faicons==0.2.2
fonttools==4.63.0
formulaic==1.2.2
great-tables==0.21.0
htmltools==0.7.0
importlib_metadata==9.0.0
importlib_resources==7.1.0
interface_meta==2.0.1
ipython==9.14.0
ipython_pygments_lexers==1.1.1
jedi==0.20.0
joblib==1.5.3
kiwisolver==1.5.0
linearmodels==7.0
llvmlite==0.47.0
lxml==6.1.1
maketables==0.1.8
matplotlib==3.10.9
matplotlib-inline==0.2.2
mypy_extensions==1.1.0
narwhals==2.22.0
numba==0.65.1
numpy==2.4.6
openpyxl==3.1.5
packaging==26.2
pandas==3.0.3
parso==0.8.7
patsy==1.0.2
pexpect==4.9.0
pillow==12.2.0
prompt_toolkit==3.0.52
psutil==7.2.2
psycopg==3.3.4
psycopg-binary==3.3.4
ptyprocess==0.7.0
pure_eval==0.2.3
pyarrow==24.0.0
pyfixest==0.50.1
Pygments==2.20.0
pyhdfe==0.2.0
pyparsing==3.3.2
pyreadstat==1.3.5
python-dateutil==2.9.0.post0
python-docx==1.2.0
pywinsor2==0.4.3
scipy==1.17.1
seaborn==0.13.2
six==1.17.0
stack-data==0.6.3
statsmodels==0.14.6
tabulate==0.10.0
tqdm==4.67.3
traitlets==5.15.0
typing_extensions==4.15.0
wcwidth==0.7.0
wrapt==2.2.1
xlrd==2.0.2
zipp==4.1.0
